
Microsoft Visual Studio Solution File, Format Version 12.00
# Visual Studio Version 17
VisualStudioVersion = 17.0.31903.59
MinimumVisualStudioVersion = 10.0.40219.1
Project("{9A19103F-16F7-4668-BE54-9A1E7A4F7556}") = "DataAccessLayer", "DataAccessLayer\DataAccessLayer.csproj", "{8084BF32-9974-49B0-AE0D-FC3E1A5AA8B8}"
EndProject
Project("{9A19103F-16F7-4668-BE54-9A1E7A4F7556}") = "BusinessLayer", "BusinessLayer\BusinessLayer.csproj", "{A7C0D59B-6042-4873-A4A5-728487C78705}"
EndProject
Project("{9A19103F-16F7-4668-BE54-9A1E7A4F7556}") = "EntitiesLayer", "EntitiesLayer\EntitiesLayer.csproj", "{72D205C9-8C70-45A8-A66D-F0A995A9E1E8}"
EndProject
Project("{9A19103F-16F7-4668-BE54-9A1E7A4F7556}") = "WebAPI", "WebAPI\WebAPI.csproj", "{B257AC96-063F-4880-A0BF-0DE408C61CF9}"
EndProject
Global
	GlobalSection(SolutionConfigurationPlatforms) = preSolution
		Debug|Any CPU = Debug|Any CPU
		Release|Any CPU = Release|Any CPU
	EndGlobalSection
	GlobalSection(ProjectConfigurationPlatforms) = postSolution
		{8084BF32-9974-49B0-AE0D-FC3E1A5AA8B8}.Debug|Any CPU.ActiveCfg = Debug|Any CPU
		{8084BF32-9974-49B0-AE0D-FC3E1A5AA8B8}.Debug|Any CPU.Build.0 = Debug|Any CPU
		{8084BF32-9974-49B0-AE0D-FC3E1A5AA8B8}.Release|Any CPU.ActiveCfg = Release|Any CPU
		{8084BF32-9974-49B0-AE0D-FC3E1A5AA8B8}.Release|Any CPU.Build.0 = Release|Any CPU
		{A7C0D59B-6042-4873-A4A5-728487C78705}.Debug|Any CPU.ActiveCfg = Debug|Any CPU
		{A7C0D59B-6042-4873-A4A5-728487C78705}.Debug|Any CPU.Build.0 = Debug|Any CPU
		{A7C0D59B-6042-4873-A4A5-728487C78705}.Release|Any CPU.ActiveCfg = Release|Any CPU
		{A7C0D59B-6042-4873-A4A5-728487C78705}.Release|Any CPU.Build.0 = Release|Any CPU
		{72D205C9-8C70-45A8-A66D-F0A995A9E1E8}.Debug|Any CPU.ActiveCfg = Debug|Any CPU
		{72D205C9-8C70-45A8-A66D-F0A995A9E1E8}.Debug|Any CPU.Build.0 = Debug|Any CPU
		{72D205C9-8C70-45A8-A66D-F0A995A9E1E8}.Release|Any CPU.ActiveCfg = Release|Any CPU
		{72D205C9-8C70-45A8-A66D-F0A995A9E1E8}.Release|Any CPU.Build.0 = Release|Any CPU
		{B257AC96-063F-4880-A0BF-0DE408C61CF9}.Debug|Any CPU.ActiveCfg = Debug|Any CPU
		{B257AC96-063F-4880-A0BF-0DE408C61CF9}.Debug|Any CPU.Build.0 = Debug|Any CPU
		{B257AC96-063F-4880-A0BF-0DE408C61CF9}.Release|Any CPU.ActiveCfg = Release|Any CPU
		{B257AC96-063F-4880-A0BF-0DE408C61CF9}.Release|Any CPU.Build.0 = Release|Any CPU
	EndGlobalSection
	GlobalSection(SolutionProperties) = preSolution
		HideSolutionNode = FALSE
	EndGlobalSection
	GlobalSection(ExtensibilityGlobals) = postSolution
		SolutionGuid = {B070062E-9B9A-4578-8AE5-186D2A747211}
	EndGlobalSection
EndGlobal
